// !$*UTF8*$!
{
	archiveVersion = 1;
	classes = {
	};
	objectVersion = 48;
	objects = {

/* Begin PBXBuildFile section */
		748950862073A52200434BA9 /* main.c in Sources */ = {isa = PBXBuildFile; fileRef = 748950852073A52200434BA9 /* main.c */; };
		748950942073A55F00434BA9 /* MathUtils.c in Sources */ = {isa = PBXBuildFile; fileRef = 7489508D2073A55F00434BA9 /* MathUtils.c */; };
		748950952073A55F00434BA9 /* Integral.c in Sources */ = {isa = PBXBuildFile; fileRef = 7489508F2073A55F00434BA9 /* Integral.c */; };
		748950962073A55F00434BA9 /* MathParser.c in Sources */ = {isa = PBXBuildFile; fileRef = 748950932073A55F00434BA9 /* MathParser.c */; };
/* End PBXBuildFile section */

/* Begin PBXCopyFilesBuildPhase section */
		748950802073A52200434BA9 /* CopyFiles */ = {
			isa = PBXCopyFilesBuildPhase;
			buildActionMask = 2147483647;
			dstPath = /usr/share/man/man1/;
			dstSubfolderSpec = 0;
			files = (
			);
			runOnlyForDeploymentPostprocessing = 1;
		};
/* End PBXCopyFilesBuildPhase section */

/* Begin PBXFileReference section */
		748950822073A52200434BA9 /* XProjectLite */ = {isa = PBXFileReference; explicitFileType = "compiled.mach-o.executable"; includeInIndex = 0; path = XProjectLite; sourceTree = BUILT_PRODUCTS_DIR; };
		748950852073A52200434BA9 /* main.c */ = {isa = PBXFileReference; lastKnownFileType = sourcecode.c.c; path = main.c; sourceTree = "<group>"; };
		7489508C2073A55F00434BA9 /* XMath.h */ = {isa = PBXFileReference; fileEncoding = 4; lastKnownFileType = sourcecode.c.h; name = XMath.h; path = ../../MathCore/XMath.h; sourceTree = "<group>"; };
		7489508D2073A55F00434BA9 /* MathUtils.c */ = {isa = PBXFileReference; fileEncoding = 4; lastKnownFileType = sourcecode.c.c; name = MathUtils.c; path = ../../MathCore/MathUtils.c; sourceTree = "<group>"; };
		7489508F2073A55F00434BA9 /* Integral.c */ = {isa = PBXFileReference; fileEncoding = 4; lastKnownFileType = sourcecode.c.c; path = Integral.c; sourceTree = "<group>"; };
		748950902073A55F00434BA9 /* Integral.h */ = {isa = PBXFileReference; fileEncoding = 4; lastKnownFileType = sourcecode.c.h; path = Integral.h; sourceTree = "<group>"; };
		748950912073A55F00434BA9 /* MathParser.h */ = {isa = PBXFileReference; fileEncoding = 4; lastKnownFileType = sourcecode.c.h; name = MathParser.h; path = ../../MathCore/MathParser.h; sourceTree = "<group>"; };
		748950922073A55F00434BA9 /* MathUtils.h */ = {isa = PBXFileReference; fileEncoding = 4; lastKnownFileType = sourcecode.c.h; name = MathUtils.h; path = ../../MathCore/MathUtils.h; sourceTree = "<group>"; };
		748950932073A55F00434BA9 /* MathParser.c */ = {isa = PBXFileReference; fileEncoding = 4; lastKnownFileType = sourcecode.c.c; name = MathParser.c; path = ../../MathCore/MathParser.c; sourceTree = "<group>"; };
/* End PBXFileReference section */

/* Begin PBXFrameworksBuildPhase section */
		7489507F2073A52200434BA9 /* Frameworks */ = {
			isa = PBXFrameworksBuildPhase;
			buildActionMask = 2147483647;
			files = (
			);
			runOnlyForDeploymentPostprocessing = 0;
		};
/* End PBXFrameworksBuildPhase section */

/* Begin PBXGroup section */
		748950792073A52200434BA9 = {
			isa = PBXGroup;
			children = (
				748950842073A52200434BA9 /* XProjectLite */,
				748950832073A52200434BA9 /* Products */,
			);
			sourceTree = "<group>";
		};
		748950832073A52200434BA9 /* Products */ = {
			isa = PBXGroup;
			children = (
				748950822073A52200434BA9 /* XProjectLite */,
			);
			name = Products;
			sourceTree = "<group>";
		};
		748950842073A52200434BA9 /* XProjectLite */ = {
			isa = PBXGroup;
			children = (
				7489508E2073A55F00434BA9 /* Algorithms */,
				748950932073A55F00434BA9 /* MathParser.c */,
				748950912073A55F00434BA9 /* MathParser.h */,
				7489508D2073A55F00434BA9 /* MathUtils.c */,
				748950922073A55F00434BA9 /* MathUtils.h */,
				7489508C2073A55F00434BA9 /* XMath.h */,
				748950852073A52200434BA9 /* main.c */,
			);
			path = XProjectLite;
			sourceTree = "<group>";
		};
		7489508E2073A55F00434BA9 /* Algorithms */ = {
			isa = PBXGroup;
			children = (
				7489508F2073A55F00434BA9 /* Integral.c */,
				748950902073A55F00434BA9 /* Integral.h */,
			);
			name = Algorithms;
			path = ../../MathCore/Algorithms;
			sourceTree = "<group>";
		};
/* End PBXGroup section */

/* Begin PBXNativeTarget section */
		748950812073A52200434BA9 /* XProjectLite */ = {
			isa = PBXNativeTarget;
			buildConfigurationList = 748950892073A52200434BA9 /* Build configuration list for PBXNativeTarget "XProjectLite" */;
			buildPhases = (
				7489507E2073A52200434BA9 /* Sources */,
				7489507F2073A52200434BA9 /* Frameworks */,
				748950802073A52200434BA9 /* CopyFiles */,
			);
			buildRules = (
			);
			dependencies = (
			);
			name = XProjectLite;
			productName = XProjectLite;
			productReference = 748950822073A52200434BA9 /* XProjectLite */;
			productType = "com.apple.product-type.tool";
		};
/* End PBXNativeTarget section */

/* Begin PBXProject section */
		7489507A2073A52200434BA9 /* Project object */ = {
			isa = PBXProject;
			attributes = {
				LastUpgradeCheck = 0920;
				ORGANIZATIONNAME = codeholics;
				TargetAttributes = {
					748950812073A52200434BA9 = {
						CreatedOnToolsVersion = 9.2;
						ProvisioningStyle = Automatic;
					};
				};
			};
			buildConfigurationList = 7489507D2073A52200434BA9 /* Build configuration list for PBXProject "XProjectLite" */;
			compatibilityVersion = "Xcode 8.0";
			developmentRegion = en;
			hasScannedForEncodings = 0;
			knownRegions = (
				en,
			);
			mainGroup = 748950792073A52200434BA9;
			productRefGroup = 748950832073A52200434BA9 /* Products */;
			projectDirPath = "";
			projectRoot = "";
			targets = (
				748950812073A52200434BA9 /* XProjectLite */,
			);
		};
/* End PBXProject section */

/* Begin PBXSourcesBuildPhase section */
		7489507E2073A52200434BA9 /* Sources */ = {
			isa = PBXSourcesBuildPhase;
			buildActionMask = 2147483647;
			files = (
				748950962073A55F00434BA9 /* MathParser.c in Sources */,
				748950862073A52200434BA9 /* main.c in Sources */,
				748950942073A55F00434BA9 /* MathUtils.c in Sources */,
				748950952073A55F00434BA9 /* Integral.c in Sources */,
			);
			runOnlyForDeploymentPostprocessing = 0;
		};
/* End PBXSourcesBuildPhase section */

/* Begin XCBuildConfiguration section */
		748950872073A52200434BA9 /* Debug */ = {
			isa = XCBuildConfiguration;
			buildSettings = {
				ALWAYS_SEARCH_USER_PATHS = NO;
				CLANG_ANALYZER_NONNULL = YES;
				CLANG_ANALYZER_NUMBER_OBJECT_CONVERSION = YES_AGGRESSIVE;
				CLANG_CXX_LANGUAGE_STANDARD = "gnu++14";
				CLANG_CXX_LIBRARY = "libc++";
				CLANG_ENABLE_MODULES = YES;
				CLANG_ENABLE_OBJC_ARC = YES;
				CLANG_WARN_BLOCK_CAPTURE_AUTORELEASING = YES;
				CLANG_WARN_BOOL_CONVERSION = YES;
				CLANG_WARN_COMMA = YES;
				CLANG_WARN_CONSTANT_CONVERSION = YES;
				CLANG_WARN_DIRECT_OBJC_ISA_USAGE = YES_ERROR;
				CLANG_WARN_DOCUMENTATION_COMMENTS = YES;
				CLANG_WARN_EMPTY_BODY = YES;
				CLANG_WARN_ENUM_CONVERSION = YES;
				CLANG_WARN_INFINITE_RECURSION = YES;
				CLANG_WARN_INT_CONVERSION = YES;
				CLANG_WARN_NON_LITERAL_NULL_CONVERSION = YES;
				CLANG_WARN_OBJC_LITERAL_CONVERSION = YES;
				CLANG_WARN_OBJC_ROOT_CLASS = YES_ERROR;
				CLANG_WARN_RANGE_LOOP_ANALYSIS = YES;
				CLANG_WARN_STRICT_PROTOTYPES = YES;
				CLANG_WARN_SUSPICIOUS_MOVE = YES;
				CLANG_WARN_UNGUARDED_AVAILABILITY = YES_AGGRESSIVE;
				CLANG_WARN_UNREACHABLE_CODE = YES;
				CLANG_WARN__DUPLICATE_METHOD_MATCH = YES;
				CODE_SIGN_IDENTITY = "-";
				COPY_PHASE_STRIP = NO;
				DEBUG_INFORMATION_FORMAT = dwarf;
				ENABLE_STRICT_OBJC_MSGSEND = YES;
				ENABLE_TESTABILITY = YES;
				GCC_C_LANGUAGE_STANDARD = gnu11;
				GCC_DYNAMIC_NO_PIC = NO;
				GCC_NO_COMMON_BLOCKS = YES;
				GCC_OPTIMIZATION_LEVEL = 0;
				GCC_PREPROCESSOR_DEFINITIONS = (
					"DEBUG=1",
					"$(inherited)",
				);
				GCC_WARN_64_TO_32_BIT_CONVERSION = YES;
				GCC_WARN_ABOUT_RETURN_TYPE = YES_ERROR;
				GCC_WARN_UNDECLARED_SELECTOR = YES;
				GCC_WARN_UNINITIALIZED_AUTOS = YES_AGGRESSIVE;
				GCC_WARN_UNUSED_FUNCTION = YES;
				GCC_WARN_UNUSED_VARIABLE = YES;
				MACOSX_DEPLOYMENT_TARGET = 10.13;
				MTL_ENABLE_DEBUG_INFO = YES;
				ONLY_ACTIVE_ARCH = YES;
				SDKROOT = macosx;
			};
			name = Debug;
		};
		748950882073A52200434BA9 /* Release */ = {
			isa = XCBuildConfiguration;
			buildSettings = {
				ALWAYS_SEARCH_USER_PATHS = NO;
				CLANG_ANALYZER_NONNULL = YES;
				CLANG_ANALYZER_NUMBER_OBJECT_CONVERSION = YES_AGGRESSIVE;
				CLANG_CXX_LANGUAGE_STANDARD = "gnu++14";
				CLANG_CXX_LIBRARY = "libc++";
				CLANG_ENABLE_MODULES = YES;
				CLANG_ENABLE_OBJC_ARC = YES;
				CLANG_WARN_BLOCK_CAPTURE_AUTORELEASING = YES;
				CLANG_WARN_BOOL_CONVERSION = YES;
				CLANG_WARN_COMMA = YES;
				CLANG_WARN_CONSTANT_CONVERSION = YES;
				CLANG_WARN_DIRECT_OBJC_ISA_USAGE = YES_ERROR;
				CLANG_WARN_DOCUMENTATION_COMMENTS = YES;
				CLANG_WARN_EMPTY_BODY = YES;
				CLANG_WARN_ENUM_CONVERSION = YES;
				CLANG_WARN_INFINITE_RECURSION = YES;
				CLANG_WARN_INT_CONVERSION = YES;
				CLANG_WARN_NON_LITERAL_NULL_CONVERSION = YES;
				CLANG_WARN_OBJC_LITERAL_CONVERSION = YES;
				CLANG_WARN_OBJC_ROOT_CLASS = YES_ERROR;
				CLANG_WARN_RANGE_LOOP_ANALYSIS = YES;
				CLANG_WARN_STRICT_PROTOTYPES = YES;
				CLANG_WARN_SUSPICIOUS_MOVE = YES;
				CLANG_WARN_UNGUARDED_AVAILABILITY = YES_AGGRESSIVE;
				CLANG_WARN_UNREACHABLE_CODE = YES;
				CLANG_WARN__DUPLICATE_METHOD_MATCH = YES;
				CODE_SIGN_IDENTITY = "-";
				COPY_PHASE_STRIP = NO;
				DEBUG_INFORMATION_FORMAT = "dwarf-with-dsym";
				ENABLE_NS_ASSERTIONS = NO;
				ENABLE_STRICT_OBJC_MSGSEND = YES;
				GCC_C_LANGUAGE_STANDARD = gnu11;
				GCC_NO_COMMON_BLOCKS = YES;
				GCC_WARN_64_TO_32_BIT_CONVERSION = YES;
				GCC_WARN_ABOUT_RETURN_TYPE = YES_ERROR;
				GCC_WARN_UNDECLARED_SELECTOR = YES;
				GCC_WARN_UNINITIALIZED_AUTOS = YES_AGGRESSIVE;
				GCC_WARN_UNUSED_FUNCTION = YES;
				GCC_WARN_UNUSED_VARIABLE = YES;
				MACOSX_DEPLOYMENT_TARGET = 10.13;
				MTL_ENABLE_DEBUG_INFO = NO;
				SDKROOT = macosx;
			};
			name = Release;
		};
		7489508A2073A52200434BA9 /* Debug */ = {
			isa = XCBuildConfiguration;
			buildSettings = {
				CODE_SIGN_STYLE = Automatic;
				PRODUCT_NAME = "$(TARGET_NAME)";
			};
			name = Debug;
		};
		7489508B2073A52200434BA9 /* Release */ = {
			isa = XCBuildConfiguration;
			buildSettings = {
				CODE_SIGN_STYLE = Automatic;
				PRODUCT_NAME = "$(TARGET_NAME)";
			};
			name = Release;
		};
/* End XCBuildConfiguration section */

/* Begin XCConfigurationList section */
		7489507D2073A52200434BA9 /* Build configuration list for PBXProject "XProjectLite" */ = {
			isa = XCConfigurationList;
			buildConfigurations = (
				748950872073A52200434BA9 /* Debug */,
				748950882073A52200434BA9 /* Release */,
			);
			defaultConfigurationIsVisible = 0;
			defaultConfigurationName = Release;
		};
		748950892073A52200434BA9 /* Build configuration list for PBXNativeTarget "XProjectLite" */ = {
			isa = XCConfigurationList;
			buildConfigurations = (
				7489508A2073A52200434BA9 /* Debug */,
				7489508B2073A52200434BA9 /* Release */,
			);
			defaultConfigurationIsVisible = 0;
			defaultConfigurationName = Release;
		};
/* End XCConfigurationList section */
	};
	rootObject = 7489507A2073A52200434BA9 /* Project object */;
}
